
Microsoft Visual Studio Solution File, Format Version 12.00
# Visual Studio 15
VisualStudioVersion = 15.0.27703.2047
MinimumVisualStudioVersion = 10.0.40219.1
Project("{FAE04EC0-301F-11D3-BF4B-00C04F79EFBC}") = "SaiMatrimony", "SaiMatrimony\SaiMatrimony.csproj", "{0C984D6F-F848-4332-9ADA-3FE5CA642281}"
EndProject
Global
	GlobalSection(SolutionConfigurationPlatforms) = preSolution
		Debug|Any CPU = Debug|Any CPU
		Release|Any CPU = Release|Any CPU
	EndGlobalSection
	GlobalSection(ProjectConfigurationPlatforms) = postSolution
		{0C984D6F-F848-4332-9ADA-3FE5CA642281}.Debug|Any CPU.ActiveCfg = Debug|Any CPU
		{0C984D6F-F848-4332-9ADA-3FE5CA642281}.Debug|Any CPU.Build.0 = Debug|Any CPU
		{0C984D6F-F848-4332-9ADA-3FE5CA642281}.Release|Any CPU.ActiveCfg = Release|Any CPU
		{0C984D6F-F848-4332-9ADA-3FE5CA642281}.Release|Any CPU.Build.0 = Release|Any CPU
	EndGlobalSection
	GlobalSection(SolutionProperties) = preSolution
		HideSolutionNode = FALSE
	EndGlobalSection
	GlobalSection(ExtensibilityGlobals) = postSolution
		SolutionGuid = {DD143938-C44C-4716-84EA-D7D173ABE01E}
	EndGlobalSection
EndGlobal
